
Microsoft Visual Studio Solution File, Format Version 12.00
# Visual Studio Version 17
VisualStudioVersion = 17.5.33502.453
MinimumVisualStudioVersion = 10.0.40219.1
Project("{FAE04EC0-301F-11D3-BF4B-00C04F79EFBC}") = "WindowsFormsApp2", "WindowsFormsApp2.csproj", "{7275F194-4CC4-4DD1-923B-BCF3CD6F02EA}"
EndProject
Global
	GlobalSection(SolutionConfigurationPlatforms) = preSolution
		Debug|Any CPU = Debug|Any CPU
		Release|Any CPU = Release|Any CPU
	EndGlobalSection
	GlobalSection(ProjectConfigurationPlatforms) = postSolution
		{7275F194-4CC4-4DD1-923B-BCF3CD6F02EA}.Debug|Any CPU.ActiveCfg = Debug|Any CPU
		{7275F194-4CC4-4DD1-923B-BCF3CD6F02EA}.Debug|Any CPU.Build.0 = Debug|Any CPU
		{7275F194-4CC4-4DD1-923B-BCF3CD6F02EA}.Release|Any CPU.ActiveCfg = Release|Any CPU
		{7275F194-4CC4-4DD1-923B-BCF3CD6F02EA}.Release|Any CPU.Build.0 = Release|Any CPU
	EndGlobalSection
	GlobalSection(SolutionProperties) = preSolution
		HideSolutionNode = FALSE
	EndGlobalSection
	GlobalSection(ExtensibilityGlobals) = postSolution
		SolutionGuid = {11B792E9-24F9-4473-ACC6-CFB4C1BD94AF}
	EndGlobalSection
EndGlobal
